
Microsoft Visual Studio Solution File, Format Version 12.00
# Visual Studio Version 17
VisualStudioVersion = 17.5.33516.290
MinimumVisualStudioVersion = 10.0.40219.1
Project("{FAE04EC0-301F-11D3-BF4B-00C04F79EFBC}") = "EmpConsoleApp", "EmpConsoleApp.csproj", "{AEF161F0-20DB-4A50-9811-3C41B19FBD79}"
EndProject
Project("{FAE04EC0-301F-11D3-BF4B-00C04F79EFBC}") = "EmpClassLibrary", "..\EmpClassLibrary\EmpClassLibrary.csproj", "{77458F42-5598-414E-B43C-ADD9DDBFE679}"
EndProject
Global
	GlobalSection(SolutionConfigurationPlatforms) = preSolution
		Debug|Any CPU = Debug|Any CPU
		Release|Any CPU = Release|Any CPU
	EndGlobalSection
	GlobalSection(ProjectConfigurationPlatforms) = postSolution
		{AEF161F0-20DB-4A50-9811-3C41B19FBD79}.Debug|Any CPU.ActiveCfg = Debug|Any CPU
		{AEF161F0-20DB-4A50-9811-3C41B19FBD79}.Debug|Any CPU.Build.0 = Debug|Any CPU
		{AEF161F0-20DB-4A50-9811-3C41B19FBD79}.Release|Any CPU.ActiveCfg = Release|Any CPU
		{AEF161F0-20DB-4A50-9811-3C41B19FBD79}.Release|Any CPU.Build.0 = Release|Any CPU
		{77458F42-5598-414E-B43C-ADD9DDBFE679}.Debug|Any CPU.ActiveCfg = Debug|Any CPU
		{77458F42-5598-414E-B43C-ADD9DDBFE679}.Debug|Any CPU.Build.0 = Debug|Any CPU
		{77458F42-5598-414E-B43C-ADD9DDBFE679}.Release|Any CPU.ActiveCfg = Release|Any CPU
		{77458F42-5598-414E-B43C-ADD9DDBFE679}.Release|Any CPU.Build.0 = Release|Any CPU
	EndGlobalSection
	GlobalSection(SolutionProperties) = preSolution
		HideSolutionNode = FALSE
	EndGlobalSection
	GlobalSection(ExtensibilityGlobals) = postSolution
		SolutionGuid = {228AAAB3-0A34-4B5F-9747-00291C171E2F}
	EndGlobalSection
EndGlobal
